
Microsoft Visual Studio Solution File, Format Version 12.00
# Visual Studio Version 17
VisualStudioVersion = 17.7.34031.279
MinimumVisualStudioVersion = 10.0.40219.1
Project("{FAE04EC0-301F-11D3-BF4B-00C04F79EFBC}") = "WebApplication13", "WebApplication13\WebApplication13.csproj", "{1A6C6B09-9E8D-4E70-84BD-DDD48F2E91F4}"
EndProject
Global
	GlobalSection(SolutionConfigurationPlatforms) = preSolution
		Debug|Any CPU = Debug|Any CPU
		Release|Any CPU = Release|Any CPU
	EndGlobalSection
	GlobalSection(ProjectConfigurationPlatforms) = postSolution
		{1A6C6B09-9E8D-4E70-84BD-DDD48F2E91F4}.Debug|Any CPU.ActiveCfg = Debug|Any CPU
		{1A6C6B09-9E8D-4E70-84BD-DDD48F2E91F4}.Debug|Any CPU.Build.0 = Debug|Any CPU
		{1A6C6B09-9E8D-4E70-84BD-DDD48F2E91F4}.Release|Any CPU.ActiveCfg = Release|Any CPU
		{1A6C6B09-9E8D-4E70-84BD-DDD48F2E91F4}.Release|Any CPU.Build.0 = Release|Any CPU
	EndGlobalSection
	GlobalSection(SolutionProperties) = preSolution
		HideSolutionNode = FALSE
	EndGlobalSection
	GlobalSection(ExtensibilityGlobals) = postSolution
		SolutionGuid = {20C277DE-C2FA-4338-A17F-C1AA783D50B3}
	EndGlobalSection
EndGlobal
